
Microsoft Visual Studio Solution File, Format Version 12.00
# Visual Studio Version 17
VisualStudioVersion = 17.14.36212.18
MinimumVisualStudioVersion = 10.0.40219.1
Project("{2150E333-8FDC-42A3-9474-1A3956D46DE8}") = "src", "src", "{02EA681E-C7D8-13C7-8484-4AC65E1B71E8}"
EndProject
Project("{2150E333-8FDC-42A3-9474-1A3956D46DE8}") = "test", "test", "{83EDAD49-F8E1-49FA-A0D5-5D84139A412A}"
EndProject
Project("{2150E333-8FDC-42A3-9474-1A3956D46DE8}") = "Backend", "Backend", "{88AE634E-E2AC-4574-865E-476AA7E70D76}"
EndProject
Project("{FAE04EC0-301F-11D3-BF4B-00C04F79EFBC}") = "ScanFlowAWS.API", "src\Backend\ScanFlowAWS.API\ScanFlowAWS.API.csproj", "{31994791-212A-4017-8533-823C399EDD3B}"
EndProject
Global
	GlobalSection(SolutionConfigurationPlatforms) = preSolution
		Debug|Any CPU = Debug|Any CPU
		Release|Any CPU = Release|Any CPU
	EndGlobalSection
	GlobalSection(ProjectConfigurationPlatforms) = postSolution
		{31994791-212A-4017-8533-823C399EDD3B}.Debug|Any CPU.ActiveCfg = Debug|Any CPU
		{31994791-212A-4017-8533-823C399EDD3B}.Debug|Any CPU.Build.0 = Debug|Any CPU
		{31994791-212A-4017-8533-823C399EDD3B}.Release|Any CPU.ActiveCfg = Release|Any CPU
		{31994791-212A-4017-8533-823C399EDD3B}.Release|Any CPU.Build.0 = Release|Any CPU
	EndGlobalSection
	GlobalSection(SolutionProperties) = preSolution
		HideSolutionNode = FALSE
	EndGlobalSection
	GlobalSection(NestedProjects) = preSolution
		{88AE634E-E2AC-4574-865E-476AA7E70D76} = {02EA681E-C7D8-13C7-8484-4AC65E1B71E8}
		{31994791-212A-4017-8533-823C399EDD3B} = {88AE634E-E2AC-4574-865E-476AA7E70D76}
	EndGlobalSection
	GlobalSection(ExtensibilityGlobals) = postSolution
		SolutionGuid = {B154D868-03A1-454F-A282-24C04789BF26}
	EndGlobalSection
EndGlobal
